// !$*UTF8*$!
{
	archiveVersion = 1;
	classes = {
	};
	objectVersion = 56;
	objects = {

/* Begin PBXBuildFile section */
		3D4B9B4E2B5E8A1B00E8F4C2 /* MinimalLooperApp.swift in Sources */ = {isa = PBXBuildFile; fileRef = 3D4B9B4D2B5E8A1B00E8F4C2 /* MinimalLooperApp.swift */; };
		3D4B9B502B5E8A1B00E8F4C2 /* ContentView.swift in Sources */ = {isa = PBXBuildFile; fileRef = 3D4B9B4F2B5E8A1B00E8F4C2 /* ContentView.swift */; };
		3D4B9B522B5E8A1C00E8F4C2 /* Assets.xcassets in Resources */ = {isa = PBXBuildFile; fileRef = 3D4B9B512B5E8A1C00E8F4C2 /* Assets.xcassets */; };
		3D4B9B552B5E8A1C00E8F4C2 /* Preview Assets.xcassets in Resources */ = {isa = PBXBuildFile; fileRef = 3D4B9B542B5E8A1C00E8F4C2 /* Preview Assets.xcassets */; };
		3D4B9B5E2B5E8A5000E8F4C2 /* SimpleLoopState.swift in Sources */ = {isa = PBXBuildFile; fileRef = 3D4B9B5D2B5E8A5000E8F4C2 /* SimpleLoopState.swift */; };
		3D4B9B612B5E8A6A00E8F4C2 /* SimpleAudioEngine.swift in Sources */ = {isa = PBXBuildFile; fileRef = 3D4B9B602B5E8A6A00E8F4C2 /* SimpleAudioEngine.swift */; };
		3D4B9B632B5E8A7A00E8F4C2 /* SimpleRecorder.swift in Sources */ = {isa = PBXBuildFile; fileRef = 3D4B9B622B5E8A7A00E8F4C2 /* SimpleRecorder.swift */; };
		3D4B9B652B5E8A8A00E8F4C2 /* SimplePlayer.swift in Sources */ = {isa = PBXBuildFile; fileRef = 3D4B9B642B5E8A8A00E8F4C2 /* SimplePlayer.swift */; };
		3D4B9B682B5E8AA000E8F4C2 /* TransportControlsView.swift in Sources */ = {isa = PBXBuildFile; fileRef = 3D4B9B672B5E8AA000E8F4C2 /* TransportControlsView.swift */; };
		3D4B9B6A2B5E8AB000E8F4C2 /* LevelMeterView.swift in Sources */ = {isa = PBXBuildFile; fileRef = 3D4B9B692B5E8AB000E8F4C2 /* LevelMeterView.swift */; };
		3D4B9B6D2B5E8AC000E8F4C2 /* SimpleLooperViewModel.swift in Sources */ = {isa = PBXBuildFile; fileRef = 3D4B9B6C2B5E8AC000E8F4C2 /* SimpleLooperViewModel.swift */; };
		3D4B9B702B5E8AD000E8F4C2 /* AudioUtils.swift in Sources */ = {isa = PBXBuildFile; fileRef = 3D4B9B6F2B5E8AD000E8F4C2 /* AudioUtils.swift */; };
/* End PBXBuildFile section */

/* Begin PBXFileReference section */
		3D4B9B4A2B5E8A1B00E8F4C2 /* MinimalLooper.app */ = {isa = PBXFileReference; explicitFileType = wrapper.application; includeInIndex = 0; path = MinimalLooper.app; sourceTree = BUILT_PRODUCTS_DIR; };
		3D4B9B4D2B5E8A1B00E8F4C2 /* MinimalLooperApp.swift */ = {isa = PBXFileReference; lastKnownFileType = sourcecode.swift; path = MinimalLooperApp.swift; sourceTree = "<group>"; };
		3D4B9B4F2B5E8A1B00E8F4C2 /* ContentView.swift */ = {isa = PBXFileReference; lastKnownFileType = sourcecode.swift; path = ContentView.swift; sourceTree = "<group>"; };
		3D4B9B512B5E8A1C00E8F4C2 /* Assets.xcassets */ = {isa = PBXFileReference; lastKnownFileType = folder.assetcatalog; path = Assets.xcassets; sourceTree = "<group>"; };
		3D4B9B542B5E8A1C00E8F4C2 /* Preview Assets.xcassets */ = {isa = PBXFileReference; lastKnownFileType = folder.assetcatalog; path = "Preview Assets.xcassets"; sourceTree = "<group>"; };
		3D4B9B562B5E8A1C00E8F4C2 /* MinimalLooper.entitlements */ = {isa = PBXFileReference; lastKnownFileType = text.plist.entitlements; path = MinimalLooper.entitlements; sourceTree = "<group>"; };
		3D4B9B5D2B5E8A5000E8F4C2 /* SimpleLoopState.swift */ = {isa = PBXFileReference; lastKnownFileType = sourcecode.swift; path = SimpleLoopState.swift; sourceTree = "<group>"; };
		3D4B9B602B5E8A6A00E8F4C2 /* SimpleAudioEngine.swift */ = {isa = PBXFileReference; lastKnownFileType = sourcecode.swift; path = SimpleAudioEngine.swift; sourceTree = "<group>"; };
		3D4B9B622B5E8A7A00E8F4C2 /* SimpleRecorder.swift */ = {isa = PBXFileReference; lastKnownFileType = sourcecode.swift; path = SimpleRecorder.swift; sourceTree = "<group>"; };
		3D4B9B642B5E8A8A00E8F4C2 /* SimplePlayer.swift */ = {isa = PBXFileReference; lastKnownFileType = sourcecode.swift; path = SimplePlayer.swift; sourceTree = "<group>"; };
		3D4B9B672B5E8AA000E8F4C2 /* TransportControlsView.swift */ = {isa = PBXFileReference; lastKnownFileType = sourcecode.swift; path = TransportControlsView.swift; sourceTree = "<group>"; };
		3D4B9B692B5E8AB000E8F4C2 /* LevelMeterView.swift */ = {isa = PBXFileReference; lastKnownFileType = sourcecode.swift; path = LevelMeterView.swift; sourceTree = "<group>"; };
		3D4B9B6C2B5E8AC000E8F4C2 /* SimpleLooperViewModel.swift */ = {isa = PBXFileReference; lastKnownFileType = sourcecode.swift; path = SimpleLooperViewModel.swift; sourceTree = "<group>"; };
		3D4B9B6F2B5E8AD000E8F4C2 /* AudioUtils.swift */ = {isa = PBXFileReference; lastKnownFileType = sourcecode.swift; path = AudioUtils.swift; sourceTree = "<group>"; };
/* End PBXFileReference section */

/* Begin PBXFrameworksBuildPhase section */
		3D4B9B472B5E8A1B00E8F4C2 /* Frameworks */ = {
			isa = PBXFrameworksBuildPhase;
			buildActionMask = 2147483647;
			files = (
			);
			runOnlyForDeploymentPostprocessing = 0;
		};
/* End PBXFrameworksBuildPhase section */

/* Begin PBXGroup section */
		3D4B9B412B5E8A1B00E8F4C2 = {
			isa = PBXGroup;
			children = (
				3D4B9B4C2B5E8A1B00E8F4C2 /* MinimalLooper */,
				3D4B9B4B2B5E8A1B00E8F4C2 /* Products */,
			);
			sourceTree = "<group>";
		};
		3D4B9B4B2B5E8A1B00E8F4C2 /* Products */ = {
			isa = PBXGroup;
			children = (
				3D4B9B4A2B5E8A1B00E8F4C2 /* MinimalLooper.app */,
			);
			name = Products;
			sourceTree = "<group>";
		};
		3D4B9B4C2B5E8A1B00E8F4C2 /* MinimalLooper */ = {
			isa = PBXGroup;
			children = (
				3D4B9B4D2B5E8A1B00E8F4C2 /* MinimalLooperApp.swift */,
				3D4B9B5C2B5E8A4200E8F4C2 /* Models */,
				3D4B9B5F2B5E8A5E00E8F4C2 /* Audio */,
				3D4B9B662B5E8A9400E8F4C2 /* Views */,
				3D4B9B6B2B5E8AB600E8F4C2 /* ViewModels */,
				3D4B9B6E2B5E8AC700E8F4C2 /* Utils */,
				3D4B9B512B5E8A1C00E8F4C2 /* Assets.xcassets */,
				3D4B9B562B5E8A1C00E8F4C2 /* MinimalLooper.entitlements */,
				3D4B9B532B5E8A1C00E8F4C2 /* Preview Content */,
			);
			path = MinimalLooper;
			sourceTree = "<group>";
		};
		3D4B9B532B5E8A1C00E8F4C2 /* Preview Content */ = {
			isa = PBXGroup;
			children = (
				3D4B9B542B5E8A1C00E8F4C2 /* Preview Assets.xcassets */,
			);
			path = "Preview Content";
			sourceTree = "<group>";
		};
		3D4B9B5C2B5E8A4200E8F4C2 /* Models */ = {
			isa = PBXGroup;
			children = (
				3D4B9B5D2B5E8A5000E8F4C2 /* SimpleLoopState.swift */,
			);
			path = Models;
			sourceTree = "<group>";
		};
		3D4B9B5F2B5E8A5E00E8F4C2 /* Audio */ = {
			isa = PBXGroup;
			children = (
				3D4B9B602B5E8A6A00E8F4C2 /* SimpleAudioEngine.swift */,
				3D4B9B622B5E8A7A00E8F4C2 /* SimpleRecorder.swift */,
				3D4B9B642B5E8A8A00E8F4C2 /* SimplePlayer.swift */,
			);
			path = Audio;
			sourceTree = "<group>";
		};
		3D4B9B662B5E8A9400E8F4C2 /* Views */ = {
			isa = PBXGroup;
			children = (
				3D4B9B4F2B5E8A1B00E8F4C2 /* ContentView.swift */,
				3D4B9B672B5E8AA000E8F4C2 /* TransportControlsView.swift */,
				3D4B9B692B5E8AB000E8F4C2 /* LevelMeterView.swift */,
			);
			path = Views;
			sourceTree = "<group>";
		};
		3D4B9B6B2B5E8AB600E8F4C2 /* ViewModels */ = {
			isa = PBXGroup;
			children = (
				3D4B9B6C2B5E8AC000E8F4C2 /* SimpleLooperViewModel.swift */,
			);
			path = ViewModels;
			sourceTree = "<group>";
		};
		3D4B9B6E2B5E8AC700E8F4C2 /* Utils */ = {
			isa = PBXGroup;
			children = (
				3D4B9B6F2B5E8AD000E8F4C2 /* AudioUtils.swift */,
			);
			path = Utils;
			sourceTree = "<group>";
		};
/* End PBXGroup section */

/* Begin PBXNativeTarget section */
		3D4B9B492B5E8A1B00E8F4C2 /* MinimalLooper */ = {
			isa = PBXNativeTarget;
			buildConfigurationList = 3D4B9B592B5E8A1C00E8F4C2 /* Build configuration list for PBXNativeTarget "MinimalLooper" */;
			buildPhases = (
				3D4B9B462B5E8A1B00E8F4C2 /* Sources */,
				3D4B9B472B5E8A1B00E8F4C2 /* Frameworks */,
				3D4B9B482B5E8A1B00E8F4C2 /* Resources */,
			);
			buildRules = (
			);
			dependencies = (
			);
			name = MinimalLooper;
			productName = MinimalLooper;
			productReference = 3D4B9B4A2B5E8A1B00E8F4C2 /* MinimalLooper.app */;
			productType = "com.apple.product-type.application";
		};
/* End PBXNativeTarget section */

/* Begin PBXProject section */
		3D4B9B422B5E8A1B00E8F4C2 /* Project object */ = {
			isa = PBXProject;
			attributes = {
				BuildIndependentTargetsInParallel = 1;
				LastSwiftUpdateCheck = 1520;
				LastUpgradeCheck = 1520;
				TargetAttributes = {
					3D4B9B492B5E8A1B00E8F4C2 = {
						CreatedOnToolsVersion = 15.2;
					};
				};
			};
			buildConfigurationList = 3D4B9B452B5E8A1B00E8F4C2 /* Build configuration list for PBXProject "MinimalLooper" */;
			compatibilityVersion = "Xcode 14.0";
			developmentRegion = en;
			hasScannedForEncodings = 0;
			knownRegions = (
				en,
				Base,
			);
			mainGroup = 3D4B9B412B5E8A1B00E8F4C2;
			productRefGroup = 3D4B9B4B2B5E8A1B00E8F4C2 /* Products */;
			projectDirPath = "";
			projectRoot = "";
			targets = (
				3D4B9B492B5E8A1B00E8F4C2 /* MinimalLooper */,
			);
		};
/* End PBXProject section */

/* Begin PBXResourcesBuildPhase section */
		3D4B9B482B5E8A1B00E8F4C2 /* Resources */ = {
			isa = PBXResourcesBuildPhase;
			buildActionMask = 2147483647;
			files = (
				3D4B9B552B5E8A1C00E8F4C2 /* Preview Assets.xcassets in Resources */,
				3D4B9B522B5E8A1C00E8F4C2 /* Assets.xcassets in Resources */,
			);
			runOnlyForDeploymentPostprocessing = 0;
		};
/* End PBXResourcesBuildPhase section */

/* Begin PBXSourcesBuildPhase section */
		3D4B9B462B5E8A1B00E8F4C2 /* Sources */ = {
			isa = PBXSourcesBuildPhase;
			buildActionMask = 2147483647;
			files = (
				3D4B9B502B5E8A1B00E8F4C2 /* ContentView.swift in Sources */,
				3D4B9B6A2B5E8AB000E8F4C2 /* LevelMeterView.swift in Sources */,
				3D4B9B632B5E8A7A00E8F4C2 /* SimpleRecorder.swift in Sources */,
				3D4B9B5E2B5E8A5000E8F4C2 /* SimpleLoopState.swift in Sources */,
				3D4B9B682B5E8AA000E8F4C2 /* TransportControlsView.swift in Sources */,
				3D4B9B652B5E8A8A00E8F4C2 /* SimplePlayer.swift in Sources */,
				3D4B9B702B5E8AD000E8F4C2 /* AudioUtils.swift in Sources */,
				3D4B9B612B5E8A6A00E8F4C2 /* SimpleAudioEngine.swift in Sources */,
				3D4B9B6D2B5E8AC000E8F4C2 /* SimpleLooperViewModel.swift in Sources */,
				3D4B9B4E2B5E8A1B00E8F4C2 /* MinimalLooperApp.swift in Sources */,
			);
			runOnlyForDeploymentPostprocessing = 0;
		};
/* End PBXSourcesBuildPhase section */

/* Begin XCBuildConfiguration section */
		3D4B9B572B5E8A1C00E8F4C2 /* Debug */ = {
			isa = XCBuildConfiguration;
			buildSettings = {
				ALWAYS_SEARCH_USER_PATHS = NO;
				ASSETCATALOG_COMPILER_GENERATE_SWIFT_ASSET_SYMBOL_EXTENSIONS = YES;
				CLANG_ANALYZER_NONNULL = YES;
				CLANG_ANALYZER_NUMBER_OBJECT_CONVERSION = YES_AGGRESSIVE;
				CLANG_CXX_LANGUAGE_STANDARD = "gnu++20";
				CLANG_ENABLE_MODULES = YES;
				CLANG_ENABLE_OBJC_ARC = YES;
				CLANG_ENABLE_OBJC_WEAK = YES;
				CLANG_WARN_BLOCK_CAPTURE_AUTORELEASING = YES;
				CLANG_WARN_BOOL_CONVERSION = YES;
				CLANG_WARN_COMMA = YES;
				CLANG_WARN_CONSTANT_CONVERSION = YES;
				CLANG_WARN_DEPRECATED_OBJC_IMPLEMENTATIONS = YES;
				CLANG_WARN_DIRECT_OBJC_ISA_USAGE = YES_ERROR;
				CLANG_WARN_DOCUMENTATION_COMMENTS = YES;
				CLANG_WARN_EMPTY_BODY = YES;
				CLANG_WARN_ENUM_CONVERSION = YES;
				CLANG_WARN_INFINITE_RECURSION = YES;
				CLANG_WARN_INT_CONVERSION = YES;
				CLANG_WARN_NON_LITERAL_NULL_CONVERSION = YES;
				CLANG_WARN_OBJC_IMPLICIT_RETAIN_SELF = YES;
				CLANG_WARN_OBJC_LITERAL_CONVERSION = YES;
				CLANG_WARN_OBJC_ROOT_CLASS = YES_ERROR;
				CLANG_WARN_QUOTED_INCLUDE_IN_FRAMEWORK_HEADER = YES;
				CLANG_WARN_RANGE_LOOP_ANALYSIS = YES;
				CLANG_WARN_STRICT_PROTOTYPES = YES;
				CLANG_WARN_SUSPICIOUS_MOVE = YES;
				CLANG_WARN_UNGUARDED_AVAILABILITY = YES_AGGRESSIVE;
				CLANG_WARN_UNREACHABLE_CODE = YES;
				CLANG_WARN__DUPLICATE_METHOD_MATCH = YES;
				COPY_PHASE_STRIP = NO;
				DEBUG_INFORMATION_FORMAT = dwarf;
				ENABLE_STRICT_OBJC_MSGSEND = YES;
				ENABLE_TESTABILITY = YES;
				ENABLE_USER_SCRIPT_SANDBOXING = YES;
				GCC_C_LANGUAGE_STANDARD = gnu17;
				GCC_DYNAMIC_NO_PIC = NO;
				GCC_NO_COMMON_BLOCKS = YES;
				GCC_OPTIMIZATION_LEVEL = 0;
				GCC_PREPROCESSOR_DEFINITIONS = (
					"DEBUG=1",
					"$(inherited)",
				);
				GCC_WARN_64_TO_32_BIT_CONVERSION = YES;
				GCC_WARN_ABOUT_RETURN_TYPE = YES_ERROR;
				GCC_WARN_UNDECLARED_SELECTOR = YES;
				GCC_WARN_UNINITIALIZED_AUTOS = YES_AGGRESSIVE;
				GCC_WARN_UNUSED_FUNCTION = YES;
				GCC_WARN_UNUSED_VARIABLE = YES;
				LOCALIZATION_PREFERS_STRING_CATALOGS = YES;
				MACOSX_DEPLOYMENT_TARGET = 13.0;
				MTL_ENABLE_DEBUG_INFO = INCLUDE_SOURCE;
				MTL_FAST_MATH = YES;
				ONLY_ACTIVE_ARCH = YES;
				SDKROOT = macosx;
				SWIFT_ACTIVE_COMPILATION_CONDITIONS = "DEBUG $(inherited)";
				SWIFT_OPTIMIZATION_LEVEL = "-Onone";
			};
			name = Debug;
		};
		3D4B9B582B5E8A1C00E8F4C2 /* Release */ = {
			isa = XCBuildConfiguration;
			buildSettings = {
				ALWAYS_SEARCH_USER_PATHS = NO;
				ASSETCATALOG_COMPILER_GENERATE_SWIFT_ASSET_SYMBOL_EXTENSIONS = YES;
				CLANG_ANALYZER_NONNULL = YES;
				CLANG_ANALYZER_NUMBER_OBJECT_CONVERSION = YES_AGGRESSIVE;
				CLANG_CXX_LANGUAGE_STANDARD = "gnu++20";
				CLANG_ENABLE_MODULES = YES;
				CLANG_ENABLE_OBJC_ARC = YES;
				CLANG_ENABLE_OBJC_WEAK = YES;
				CLANG_WARN_BLOCK_CAPTURE_AUTORELEASING = YES;
				CLANG_WARN_BOOL_CONVERSION = YES;
				CLANG_WARN_COMMA = YES;
				CLANG_WARN_CONSTANT_CONVERSION = YES;
				CLANG_WARN_DEPRECATED_OBJC_IMPLEMENTATIONS = YES;
				CLANG_WARN_DIRECT_OBJC_ISA_USAGE = YES_ERROR;
				CLANG_WARN_DOCUMENTATION_COMMENTS = YES;
				CLANG_WARN_EMPTY_BODY = YES;
				CLANG_WARN_ENUM_CONVERSION = YES;
				CLANG_WARN_INFINITE_RECURSION = YES;
				CLANG_WARN_INT_CONVERSION = YES;
				CLANG_WARN_NON_LITERAL_NULL_CONVERSION = YES;
				CLANG_WARN_OBJC_IMPLICIT_RETAIN_SELF = YES;
				CLANG_WARN_OBJC_LITERAL_CONVERSION = YES;
				CLANG_WARN_OBJC_ROOT_CLASS = YES_ERROR;
				CLANG_WARN_QUOTED_INCLUDE_IN_FRAMEWORK_HEADER = YES;
				CLANG_WARN_RANGE_LOOP_ANALYSIS = YES;
				CLANG_WARN_STRICT_PROTOTYPES = YES;
				CLANG_WARN_SUSPICIOUS_MOVE = YES;
				CLANG_WARN_UNGUARDED_AVAILABILITY = YES_AGGRESSIVE;
				CLANG_WARN_UNREACHABLE_CODE = YES;
				CLANG_WARN__DUPLICATE_METHOD_MATCH = YES;
				COPY_PHASE_STRIP = NO;
				DEBUG_INFORMATION_FORMAT = "dwarf-with-dsym";
				ENABLE_NS_ASSERTIONS = NO;
				ENABLE_STRICT_OBJC_MSGSEND = YES;
				ENABLE_USER_SCRIPT_SANDBOXING = YES;
				GCC_C_LANGUAGE_STANDARD = gnu17;
				GCC_NO_COMMON_BLOCKS = YES;
				GCC_WARN_64_TO_32_BIT_CONVERSION = YES;
				GCC_WARN_ABOUT_RETURN_TYPE = YES_ERROR;
				GCC_WARN_UNDECLARED_SELECTOR = YES;
				GCC_WARN_UNINITIALIZED_AUTOS = YES_AGGRESSIVE;
				GCC_WARN_UNUSED_FUNCTION = YES;
				GCC_WARN_UNUSED_VARIABLE = YES;
				LOCALIZATION_PREFERS_STRING_CATALOGS = YES;
				MACOSX_DEPLOYMENT_TARGET = 13.0;
				MTL_ENABLE_DEBUG_INFO = NO;
				MTL_FAST_MATH = YES;
				SDKROOT = macosx;
				SWIFT_COMPILATION_MODE = wholemodule;
			};
			name = Release;
		};
		3D4B9B5A2B5E8A1C00E8F4C2 /* Debug */ = {
			isa = XCBuildConfiguration;
			buildSettings = {
				ASSETCATALOG_COMPILER_APPICON_NAME = AppIcon;
				ASSETCATALOG_COMPILER_GLOBAL_ACCENT_COLOR_NAME = AccentColor;
				CODE_SIGN_ENTITLEMENTS = MinimalLooper/MinimalLooper.entitlements;
				CODE_SIGN_STYLE = Automatic;
				COMBINE_HIDPI_IMAGES = YES;
				CURRENT_PROJECT_VERSION = 1;
				DEVELOPMENT_ASSET_PATHS = "\"MinimalLooper/Preview Content\"";
				ENABLE_PREVIEWS = YES;
				GENERATE_INFOPLIST_FILE = YES;
				INFOPLIST_KEY_NSHumanReadableCopyright = "";
				INFOPLIST_KEY_NSMicrophoneUsageDescription = "MinimalLooper needs microphone access to record audio loops.";
				LD_RUNPATH_SEARCH_PATHS = (
					"$(inherited)",
					"@executable_path/../Frameworks",
				);
				MARKETING_VERSION = 1.0;
				PRODUCT_BUNDLE_IDENTIFIER = "com.example.minimallooper";
				PRODUCT_NAME = "$(TARGET_NAME)";
				SWIFT_EMIT_LOC_STRINGS = YES;
				SWIFT_VERSION = 5.0;
			};
			name = Debug;
		};
		3D4B9B5B2B5E8A1C00E8F4C2 /* Release */ = {
			isa = XCBuildConfiguration;
			buildSettings = {
				ASSETCATALOG_COMPILER_APPICON_NAME = AppIcon;
				ASSETCATALOG_COMPILER_GLOBAL_ACCENT_COLOR_NAME = AccentColor;
				CODE_SIGN_ENTITLEMENTS = MinimalLooper/MinimalLooper.entitlements;
				CODE_SIGN_STYLE = Automatic;
				COMBINE_HIDPI_IMAGES = YES;
				CURRENT_PROJECT_VERSION = 1;
				DEVELOPMENT_ASSET_PATHS = "\"MinimalLooper/Preview Content\"";
				ENABLE_PREVIEWS = YES;
				GENERATE_INFOPLIST_FILE = YES;
				INFOPLIST_KEY_NSHumanReadableCopyright = "";
				INFOPLIST_KEY_NSMicrophoneUsageDescription = "MinimalLooper needs microphone access to record audio loops.";
				LD_RUNPATH_SEARCH_PATHS = (
					"$(inherited)",
					"@executable_path/../Frameworks",
				);
				MARKETING_VERSION = 1.0;
				PRODUCT_BUNDLE_IDENTIFIER = "com.example.minimallooper";
				PRODUCT_NAME = "$(TARGET_NAME)";
				SWIFT_EMIT_LOC_STRINGS = YES;
				SWIFT_VERSION = 5.0;
			};
			name = Release;
		};
/* End XCBuildConfiguration section */

/* Begin XCConfigurationList section */
		3D4B9B452B5E8A1B00E8F4C2 /* Build configuration list for PBXProject "MinimalLooper" */ = {
			isa = XCConfigurationList;
			buildConfigurations = (
				3D4B9B572B5E8A1C00E8F4C2 /* Debug */,
				3D4B9B582B5E8A1C00E8F4C2 /* Release */,
			);
			defaultConfigurationIsVisible = 0;
			defaultConfigurationName = Release;
		};
		3D4B9B592B5E8A1C00E8F4C2 /* Build configuration list for PBXNativeTarget "MinimalLooper" */ = {
			isa = XCConfigurationList;
			buildConfigurations = (
				3D4B9B5A2B5E8A1C00E8F4C2 /* Debug */,
				3D4B9B5B2B5E8A1C00E8F4C2 /* Release */,
			);
			defaultConfigurationIsVisible = 0;
			defaultConfigurationName = Release;
		};
/* End XCConfigurationList section */
	};
	rootObject = 3D4B9B422B5E8A1B00E8F4C2 /* Project object */;
} 